
Microsoft Visual Studio Solution File, Format Version 12.00
# Visual Studio Version 17
VisualStudioVersion = 17.12.35527.113 d17.12
MinimumVisualStudioVersion = 10.0.40219.1
Project("{FAE04EC0-301F-11D3-BF4B-00C04F79EFBC}") = "Booking_RapidApi", "Booking_RapidApi\Booking_RapidApi.csproj", "{E96E09DE-8596-4AB5-B4E8-2E26C4A2345D}"
EndProject
Global
	GlobalSection(SolutionConfigurationPlatforms) = preSolution
		Debug|Any CPU = Debug|Any CPU
		Release|Any CPU = Release|Any CPU
	EndGlobalSection
	GlobalSection(ProjectConfigurationPlatforms) = postSolution
		{E96E09DE-8596-4AB5-B4E8-2E26C4A2345D}.Debug|Any CPU.ActiveCfg = Debug|Any CPU
		{E96E09DE-8596-4AB5-B4E8-2E26C4A2345D}.Debug|Any CPU.Build.0 = Debug|Any CPU
		{E96E09DE-8596-4AB5-B4E8-2E26C4A2345D}.Release|Any CPU.ActiveCfg = Release|Any CPU
		{E96E09DE-8596-4AB5-B4E8-2E26C4A2345D}.Release|Any CPU.Build.0 = Release|Any CPU
	EndGlobalSection
	GlobalSection(SolutionProperties) = preSolution
		HideSolutionNode = FALSE
	EndGlobalSection
EndGlobal
